{
  "name": "@momocow/ogame-sdk",
  "version": "0.1.0",
  "lockfileVersion": 1,
  "requires": true,
  "dependencies": {
    "date-format-parse": {
      "version": "0.2.5",
      "resolved": "https://registry.npmjs.org/date-format-parse/-/date-format-parse-0.2.5.tgz",
      "integrity": "sha512-PzvB3p9bTxrGQbz3ZlO/kxgXzKZhMo4l0OQfPqVYjuwixHRS9yHH6cUJI9JG2Hh6iUQgh17T7w95lzQ131dS/g=="
    },
    "jquery": {
      "version": "3.5.1",
      "resolved": "https://registry.npmjs.org/jquery/-/jquery-3.5.1.tgz",
      "integrity": "sha512-XwIBPqcMn57FxfT+Go5pzySnm4KWkT1Tv7gjrpT1srtf8Weynl6R273VJ5GjkRb51IzMp5nbaPjJXMWeju2MKg=="
    },
    "lodash": {
      "version": "4.17.15",
      "resolved": "https://registry.npmjs.org/lodash/-/lodash-4.17.15.tgz",
      "integrity": "sha512-8xOcRHvCjnocdS5cpwXQXVzmmh5e5+saE2QGoeQmbKmRS6J3VQppPOIt0MnmE+4xlZoumy0GPG0D0MVIQbNA1A=="
    },
    "semver": {
      "version": "7.3.2",
      "resolved": "https://registry.npmjs.org/semver/-/semver-7.3.2.tgz",
      "integrity": "sha512-OrOb32TeeambH6UrhtShmF7CRDqhL6/5XpPNp2DuRH6+9QLw/orhp72j87v8Qa1ScDkvrrBNpZcDejAirJmfXQ=="
    }
  }
}
